// !$*UTF8*$!
{
	archiveVersion = 1;
	classes = {
	};
	objectVersion = 50;
	objects = {

/* Begin PBXBuildFile section */
		06403CB722AD8EAF0024EDA4 /* AppDelegate.swift in Sources */ = {isa = PBXBuildFile; fileRef = 06403CB622AD8EAF0024EDA4 /* AppDelegate.swift */; };
		06403CB922AD8EAF0024EDA4 /* ViewController.swift in Sources */ = {isa = PBXBuildFile; fileRef = 06403CB822AD8EAF0024EDA4 /* ViewController.swift */; };
		06403CBC22AD8EAF0024EDA4 /* Main.storyboard in Resources */ = {isa = PBXBuildFile; fileRef = 06403CBA22AD8EAF0024EDA4 /* Main.storyboard */; };
		06403CBE22AD8EB10024EDA4 /* Assets.xcassets in Resources */ = {isa = PBXBuildFile; fileRef = 06403CBD22AD8EB10024EDA4 /* Assets.xcassets */; };
		06403CC122AD8EB10024EDA4 /* LaunchScreen.storyboard in Resources */ = {isa = PBXBuildFile; fileRef = 06403CBF22AD8EB10024EDA4 /* LaunchScreen.storyboard */; };
		06403CCF22AD8F220024EDA4 /* AppDelegate.swift in Sources */ = {isa = PBXBuildFile; fileRef = 06403CCE22AD8F220024EDA4 /* AppDelegate.swift */; };
		06403CD122AD8F220024EDA4 /* ViewController.swift in Sources */ = {isa = PBXBuildFile; fileRef = 06403CD022AD8F220024EDA4 /* ViewController.swift */; };
		06403CD422AD8F220024EDA4 /* Main.storyboard in Resources */ = {isa = PBXBuildFile; fileRef = 06403CD222AD8F220024EDA4 /* Main.storyboard */; };
		06403CD922AD8F230024EDA4 /* LaunchScreen.storyboard in Resources */ = {isa = PBXBuildFile; fileRef = 06403CD722AD8F230024EDA4 /* LaunchScreen.storyboard */; };
		06403CDF22AD8F7A0024EDA4 /* Assets.xcassets in Resources */ = {isa = PBXBuildFile; fileRef = 06403CBD22AD8EB10024EDA4 /* Assets.xcassets */; };
/* End PBXBuildFile section */

/* Begin PBXFileReference section */
		06403CB322AD8EAF0024EDA4 /* Artable.app */ = {isa = PBXFileReference; explicitFileType = wrapper.application; includeInIndex = 0; path = Artable.app; sourceTree = BUILT_PRODUCTS_DIR; };
		06403CB622AD8EAF0024EDA4 /* AppDelegate.swift */ = {isa = PBXFileReference; lastKnownFileType = sourcecode.swift; path = AppDelegate.swift; sourceTree = "<group>"; };
		06403CB822AD8EAF0024EDA4 /* ViewController.swift */ = {isa = PBXFileReference; lastKnownFileType = sourcecode.swift; path = ViewController.swift; sourceTree = "<group>"; };
		06403CBB22AD8EAF0024EDA4 /* Base */ = {isa = PBXFileReference; lastKnownFileType = file.storyboard; name = Base; path = Base.lproj/Main.storyboard; sourceTree = "<group>"; };
		06403CBD22AD8EB10024EDA4 /* Assets.xcassets */ = {isa = PBXFileReference; lastKnownFileType = folder.assetcatalog; path = Assets.xcassets; sourceTree = "<group>"; };
		06403CC022AD8EB10024EDA4 /* Base */ = {isa = PBXFileReference; lastKnownFileType = file.storyboard; name = Base; path = Base.lproj/LaunchScreen.storyboard; sourceTree = "<group>"; };
		06403CC222AD8EB10024EDA4 /* Info.plist */ = {isa = PBXFileReference; lastKnownFileType = text.plist.xml; path = Info.plist; sourceTree = "<group>"; };
		06403CCC22AD8F220024EDA4 /* ArtableAdmin.app */ = {isa = PBXFileReference; explicitFileType = wrapper.application; includeInIndex = 0; path = ArtableAdmin.app; sourceTree = BUILT_PRODUCTS_DIR; };
		06403CCE22AD8F220024EDA4 /* AppDelegate.swift */ = {isa = PBXFileReference; lastKnownFileType = sourcecode.swift; path = AppDelegate.swift; sourceTree = "<group>"; };
		06403CD022AD8F220024EDA4 /* ViewController.swift */ = {isa = PBXFileReference; lastKnownFileType = sourcecode.swift; path = ViewController.swift; sourceTree = "<group>"; };
		06403CD322AD8F220024EDA4 /* Base */ = {isa = PBXFileReference; lastKnownFileType = file.storyboard; name = Base; path = Base.lproj/Main.storyboard; sourceTree = "<group>"; };
		06403CD822AD8F230024EDA4 /* Base */ = {isa = PBXFileReference; lastKnownFileType = file.storyboard; name = Base; path = Base.lproj/LaunchScreen.storyboard; sourceTree = "<group>"; };
		06403CDA22AD8F230024EDA4 /* Info.plist */ = {isa = PBXFileReference; lastKnownFileType = text.plist.xml; path = Info.plist; sourceTree = "<group>"; };
/* End PBXFileReference section */

/* Begin PBXFrameworksBuildPhase section */
		06403CB022AD8EAF0024EDA4 /* Frameworks */ = {
			isa = PBXFrameworksBuildPhase;
			buildActionMask = 2147483647;
			files = (
			);
			runOnlyForDeploymentPostprocessing = 0;
		};
		06403CC922AD8F220024EDA4 /* Frameworks */ = {
			isa = PBXFrameworksBuildPhase;
			buildActionMask = 2147483647;
			files = (
			);
			runOnlyForDeploymentPostprocessing = 0;
		};
/* End PBXFrameworksBuildPhase section */

/* Begin PBXGroup section */
		06403CAA22AD8EAF0024EDA4 = {
			isa = PBXGroup;
			children = (
				06403CDE22AD8F5B0024EDA4 /* Shared */,
				06403CB522AD8EAF0024EDA4 /* Artable */,
				06403CCD22AD8F220024EDA4 /* ArtableAdmin */,
				06403CB422AD8EAF0024EDA4 /* Products */,
			);
			sourceTree = "<group>";
		};
		06403CB422AD8EAF0024EDA4 /* Products */ = {
			isa = PBXGroup;
			children = (
				06403CB322AD8EAF0024EDA4 /* Artable.app */,
				06403CCC22AD8F220024EDA4 /* ArtableAdmin.app */,
			);
			name = Products;
			sourceTree = "<group>";
		};
		06403CB522AD8EAF0024EDA4 /* Artable */ = {
			isa = PBXGroup;
			children = (
				06403CB622AD8EAF0024EDA4 /* AppDelegate.swift */,
				06403CB822AD8EAF0024EDA4 /* ViewController.swift */,
				06403CBA22AD8EAF0024EDA4 /* Main.storyboard */,
				06403CBF22AD8EB10024EDA4 /* LaunchScreen.storyboard */,
				06403CC222AD8EB10024EDA4 /* Info.plist */,
			);
			path = Artable;
			sourceTree = "<group>";
		};
		06403CCD22AD8F220024EDA4 /* ArtableAdmin */ = {
			isa = PBXGroup;
			children = (
				06403CCE22AD8F220024EDA4 /* AppDelegate.swift */,
				06403CD022AD8F220024EDA4 /* ViewController.swift */,
				06403CD222AD8F220024EDA4 /* Main.storyboard */,
				06403CD722AD8F230024EDA4 /* LaunchScreen.storyboard */,
				06403CDA22AD8F230024EDA4 /* Info.plist */,
			);
			path = ArtableAdmin;
			sourceTree = "<group>";
		};
		06403CDE22AD8F5B0024EDA4 /* Shared */ = {
			isa = PBXGroup;
			children = (
				06403CBD22AD8EB10024EDA4 /* Assets.xcassets */,
			);
			path = Shared;
			sourceTree = "<group>";
		};
/* End PBXGroup section */

/* Begin PBXNativeTarget section */
		06403CB222AD8EAF0024EDA4 /* Artable */ = {
			isa = PBXNativeTarget;
			buildConfigurationList = 06403CC522AD8EB10024EDA4 /* Build configuration list for PBXNativeTarget "Artable" */;
			buildPhases = (
				06403CAF22AD8EAF0024EDA4 /* Sources */,
				06403CB022AD8EAF0024EDA4 /* Frameworks */,
				06403CB122AD8EAF0024EDA4 /* Resources */,
			);
			buildRules = (
			);
			dependencies = (
			);
			name = Artable;
			productName = Artable;
			productReference = 06403CB322AD8EAF0024EDA4 /* Artable.app */;
			productType = "com.apple.product-type.application";
		};
		06403CCB22AD8F220024EDA4 /* ArtableAdmin */ = {
			isa = PBXNativeTarget;
			buildConfigurationList = 06403CDB22AD8F230024EDA4 /* Build configuration list for PBXNativeTarget "ArtableAdmin" */;
			buildPhases = (
				06403CC822AD8F220024EDA4 /* Sources */,
				06403CC922AD8F220024EDA4 /* Frameworks */,
				06403CCA22AD8F220024EDA4 /* Resources */,
			);
			buildRules = (
			);
			dependencies = (
			);
			name = ArtableAdmin;
			productName = ArtableAdmin;
			productReference = 06403CCC22AD8F220024EDA4 /* ArtableAdmin.app */;
			productType = "com.apple.product-type.application";
		};
/* End PBXNativeTarget section */

/* Begin PBXProject section */
		06403CAB22AD8EAF0024EDA4 /* Project object */ = {
			isa = PBXProject;
			attributes = {
				LastSwiftUpdateCheck = 1020;
				LastUpgradeCheck = 1020;
				ORGANIZATIONNAME = "Pardip Bhatti";
				TargetAttributes = {
					06403CB222AD8EAF0024EDA4 = {
						CreatedOnToolsVersion = 10.2;
					};
					06403CCB22AD8F220024EDA4 = {
						CreatedOnToolsVersion = 10.2;
					};
				};
			};
			buildConfigurationList = 06403CAE22AD8EAF0024EDA4 /* Build configuration list for PBXProject "Artable" */;
			compatibilityVersion = "Xcode 9.3";
			developmentRegion = en;
			hasScannedForEncodings = 0;
			knownRegions = (
				en,
				Base,
			);
			mainGroup = 06403CAA22AD8EAF0024EDA4;
			productRefGroup = 06403CB422AD8EAF0024EDA4 /* Products */;
			projectDirPath = "";
			projectRoot = "";
			targets = (
				06403CB222AD8EAF0024EDA4 /* Artable */,
				06403CCB22AD8F220024EDA4 /* ArtableAdmin */,
			);
		};
/* End PBXProject section */

/* Begin PBXResourcesBuildPhase section */
		06403CB122AD8EAF0024EDA4 /* Resources */ = {
			isa = PBXResourcesBuildPhase;
			buildActionMask = 2147483647;
			files = (
				06403CC122AD8EB10024EDA4 /* LaunchScreen.storyboard in Resources */,
				06403CBE22AD8EB10024EDA4 /* Assets.xcassets in Resources */,
				06403CBC22AD8EAF0024EDA4 /* Main.storyboard in Resources */,
			);
			runOnlyForDeploymentPostprocessing = 0;
		};
		06403CCA22AD8F220024EDA4 /* Resources */ = {
			isa = PBXResourcesBuildPhase;
			buildActionMask = 2147483647;
			files = (
				06403CD922AD8F230024EDA4 /* LaunchScreen.storyboard in Resources */,
				06403CDF22AD8F7A0024EDA4 /* Assets.xcassets in Resources */,
				06403CD422AD8F220024EDA4 /* Main.storyboard in Resources */,
			);
			runOnlyForDeploymentPostprocessing = 0;
		};
/* End PBXResourcesBuildPhase section */

/* Begin PBXSourcesBuildPhase section */
		06403CAF22AD8EAF0024EDA4 /* Sources */ = {
			isa = PBXSourcesBuildPhase;
			buildActionMask = 2147483647;
			files = (
				06403CB922AD8EAF0024EDA4 /* ViewController.swift in Sources */,
				06403CB722AD8EAF0024EDA4 /* AppDelegate.swift in Sources */,
			);
			runOnlyForDeploymentPostprocessing = 0;
		};
		06403CC822AD8F220024EDA4 /* Sources */ = {
			isa = PBXSourcesBuildPhase;
			buildActionMask = 2147483647;
			files = (
				06403CD122AD8F220024EDA4 /* ViewController.swift in Sources */,
				06403CCF22AD8F220024EDA4 /* AppDelegate.swift in Sources */,
			);
			runOnlyForDeploymentPostprocessing = 0;
		};
/* End PBXSourcesBuildPhase section */

/* Begin PBXVariantGroup section */
		06403CBA22AD8EAF0024EDA4 /* Main.storyboard */ = {
			isa = PBXVariantGroup;
			children = (
				06403CBB22AD8EAF0024EDA4 /* Base */,
			);
			name = Main.storyboard;
			sourceTree = "<group>";
		};
		06403CBF22AD8EB10024EDA4 /* LaunchScreen.storyboard */ = {
			isa = PBXVariantGroup;
			children = (
				06403CC022AD8EB10024EDA4 /* Base */,
			);
			name = LaunchScreen.storyboard;
			sourceTree = "<group>";
		};
		06403CD222AD8F220024EDA4 /* Main.storyboard */ = {
			isa = PBXVariantGroup;
			children = (
				06403CD322AD8F220024EDA4 /* Base */,
			);
			name = Main.storyboard;
			sourceTree = "<group>";
		};
		06403CD722AD8F230024EDA4 /* LaunchScreen.storyboard */ = {
			isa = PBXVariantGroup;
			children = (
				06403CD822AD8F230024EDA4 /* Base */,
			);
			name = LaunchScreen.storyboard;
			sourceTree = "<group>";
		};
/* End PBXVariantGroup section */

/* Begin XCBuildConfiguration section */
		06403CC322AD8EB10024EDA4 /* Debug */ = {
			isa = XCBuildConfiguration;
			buildSettings = {
				ALWAYS_SEARCH_USER_PATHS = NO;
				CLANG_ANALYZER_NONNULL = YES;
				CLANG_ANALYZER_NUMBER_OBJECT_CONVERSION = YES_AGGRESSIVE;
				CLANG_CXX_LANGUAGE_STANDARD = "gnu++14";
				CLANG_CXX_LIBRARY = "libc++";
				CLANG_ENABLE_MODULES = YES;
				CLANG_ENABLE_OBJC_ARC = YES;
				CLANG_ENABLE_OBJC_WEAK = YES;
				CLANG_WARN_BLOCK_CAPTURE_AUTORELEASING = YES;
				CLANG_WARN_BOOL_CONVERSION = YES;
				CLANG_WARN_COMMA = YES;
				CLANG_WARN_CONSTANT_CONVERSION = YES;
				CLANG_WARN_DEPRECATED_OBJC_IMPLEMENTATIONS = YES;
				CLANG_WARN_DIRECT_OBJC_ISA_USAGE = YES_ERROR;
				CLANG_WARN_DOCUMENTATION_COMMENTS = YES;
				CLANG_WARN_EMPTY_BODY = YES;
				CLANG_WARN_ENUM_CONVERSION = YES;
				CLANG_WARN_INFINITE_RECURSION = YES;
				CLANG_WARN_INT_CONVERSION = YES;
				CLANG_WARN_NON_LITERAL_NULL_CONVERSION = YES;
				CLANG_WARN_OBJC_IMPLICIT_RETAIN_SELF = YES;
				CLANG_WARN_OBJC_LITERAL_CONVERSION = YES;
				CLANG_WARN_OBJC_ROOT_CLASS = YES_ERROR;
				CLANG_WARN_RANGE_LOOP_ANALYSIS = YES;
				CLANG_WARN_STRICT_PROTOTYPES = YES;
				CLANG_WARN_SUSPICIOUS_MOVE = YES;
				CLANG_WARN_UNGUARDED_AVAILABILITY = YES_AGGRESSIVE;
				CLANG_WARN_UNREACHABLE_CODE = YES;
				CLANG_WARN__DUPLICATE_METHOD_MATCH = YES;
				CODE_SIGN_IDENTITY = "iPhone Developer";
				COPY_PHASE_STRIP = NO;
				DEBUG_INFORMATION_FORMAT = dwarf;
				ENABLE_STRICT_OBJC_MSGSEND = YES;
				ENABLE_TESTABILITY = YES;
				GCC_C_LANGUAGE_STANDARD = gnu11;
				GCC_DYNAMIC_NO_PIC = NO;
				GCC_NO_COMMON_BLOCKS = YES;
				GCC_OPTIMIZATION_LEVEL = 0;
				GCC_PREPROCESSOR_DEFINITIONS = (
					"DEBUG=1",
					"$(inherited)",
				);
				GCC_WARN_64_TO_32_BIT_CONVERSION = YES;
				GCC_WARN_ABOUT_RETURN_TYPE = YES_ERROR;
				GCC_WARN_UNDECLARED_SELECTOR = YES;
				GCC_WARN_UNINITIALIZED_AUTOS = YES_AGGRESSIVE;
				GCC_WARN_UNUSED_FUNCTION = YES;
				GCC_WARN_UNUSED_VARIABLE = YES;
				IPHONEOS_DEPLOYMENT_TARGET = 12.2;
				MTL_ENABLE_DEBUG_INFO = INCLUDE_SOURCE;
				MTL_FAST_MATH = YES;
				ONLY_ACTIVE_ARCH = YES;
				SDKROOT = iphoneos;
				SWIFT_ACTIVE_COMPILATION_CONDITIONS = DEBUG;
				SWIFT_OPTIMIZATION_LEVEL = "-Onone";
			};
			name = Debug;
		};
		06403CC422AD8EB10024EDA4 /* Release */ = {
			isa = XCBuildConfiguration;
			buildSettings = {
				ALWAYS_SEARCH_USER_PATHS = NO;
				CLANG_ANALYZER_NONNULL = YES;
				CLANG_ANALYZER_NUMBER_OBJECT_CONVERSION = YES_AGGRESSIVE;
				CLANG_CXX_LANGUAGE_STANDARD = "gnu++14";
				CLANG_CXX_LIBRARY = "libc++";
				CLANG_ENABLE_MODULES = YES;
				CLANG_ENABLE_OBJC_ARC = YES;
				CLANG_ENABLE_OBJC_WEAK = YES;
				CLANG_WARN_BLOCK_CAPTURE_AUTORELEASING = YES;
				CLANG_WARN_BOOL_CONVERSION = YES;
				CLANG_WARN_COMMA = YES;
				CLANG_WARN_CONSTANT_CONVERSION = YES;
				CLANG_WARN_DEPRECATED_OBJC_IMPLEMENTATIONS = YES;
				CLANG_WARN_DIRECT_OBJC_ISA_USAGE = YES_ERROR;
				CLANG_WARN_DOCUMENTATION_COMMENTS = YES;
				CLANG_WARN_EMPTY_BODY = YES;
				CLANG_WARN_ENUM_CONVERSION = YES;
				CLANG_WARN_INFINITE_RECURSION = YES;
				CLANG_WARN_INT_CONVERSION = YES;
				CLANG_WARN_NON_LITERAL_NULL_CONVERSION = YES;
				CLANG_WARN_OBJC_IMPLICIT_RETAIN_SELF = YES;
				CLANG_WARN_OBJC_LITERAL_CONVERSION = YES;
				CLANG_WARN_OBJC_ROOT_CLASS = YES_ERROR;
				CLANG_WARN_RANGE_LOOP_ANALYSIS = YES;
				CLANG_WARN_STRICT_PROTOTYPES = YES;
				CLANG_WARN_SUSPICIOUS_MOVE = YES;
				CLANG_WARN_UNGUARDED_AVAILABILITY = YES_AGGRESSIVE;
				CLANG_WARN_UNREACHABLE_CODE = YES;
				CLANG_WARN__DUPLICATE_METHOD_MATCH = YES;
				CODE_SIGN_IDENTITY = "iPhone Developer";
				COPY_PHASE_STRIP = NO;
				DEBUG_INFORMATION_FORMAT = "dwarf-with-dsym";
				ENABLE_NS_ASSERTIONS = NO;
				ENABLE_STRICT_OBJC_MSGSEND = YES;
				GCC_C_LANGUAGE_STANDARD = gnu11;
				GCC_NO_COMMON_BLOCKS = YES;
				GCC_WARN_64_TO_32_BIT_CONVERSION = YES;
				GCC_WARN_ABOUT_RETURN_TYPE = YES_ERROR;
				GCC_WARN_UNDECLARED_SELECTOR = YES;
				GCC_WARN_UNINITIALIZED_AUTOS = YES_AGGRESSIVE;
				GCC_WARN_UNUSED_FUNCTION = YES;
				GCC_WARN_UNUSED_VARIABLE = YES;
				IPHONEOS_DEPLOYMENT_TARGET = 12.2;
				MTL_ENABLE_DEBUG_INFO = NO;
				MTL_FAST_MATH = YES;
				SDKROOT = iphoneos;
				SWIFT_COMPILATION_MODE = wholemodule;
				SWIFT_OPTIMIZATION_LEVEL = "-O";
				VALIDATE_PRODUCT = YES;
			};
			name = Release;
		};
		06403CC622AD8EB10024EDA4 /* Debug */ = {
			isa = XCBuildConfiguration;
			buildSettings = {
				ASSETCATALOG_COMPILER_APPICON_NAME = AppIcon;
				CODE_SIGN_STYLE = Automatic;
				DEVELOPMENT_TEAM = 4XFFP8A6J5;
				INFOPLIST_FILE = Artable/Info.plist;
				LD_RUNPATH_SEARCH_PATHS = (
					"$(inherited)",
					"@executable_path/Frameworks",
				);
				PRODUCT_BUNDLE_IDENTIFIER = com.gpcoders.Artable;
				PRODUCT_NAME = "$(TARGET_NAME)";
				SWIFT_VERSION = 5.0;
				TARGETED_DEVICE_FAMILY = "1,2";
			};
			name = Debug;
		};
		06403CC722AD8EB10024EDA4 /* Release */ = {
			isa = XCBuildConfiguration;
			buildSettings = {
				ASSETCATALOG_COMPILER_APPICON_NAME = AppIcon;
				CODE_SIGN_STYLE = Automatic;
				DEVELOPMENT_TEAM = 4XFFP8A6J5;
				INFOPLIST_FILE = Artable/Info.plist;
				LD_RUNPATH_SEARCH_PATHS = (
					"$(inherited)",
					"@executable_path/Frameworks",
				);
				PRODUCT_BUNDLE_IDENTIFIER = com.gpcoders.Artable;
				PRODUCT_NAME = "$(TARGET_NAME)";
				SWIFT_VERSION = 5.0;
				TARGETED_DEVICE_FAMILY = "1,2";
			};
			name = Release;
		};
		06403CDC22AD8F230024EDA4 /* Debug */ = {
			isa = XCBuildConfiguration;
			buildSettings = {
				ASSETCATALOG_COMPILER_APPICON_NAME = AppIcon;
				CODE_SIGN_STYLE = Automatic;
				DEVELOPMENT_TEAM = 4XFFP8A6J5;
				INFOPLIST_FILE = ArtableAdmin/Info.plist;
				LD_RUNPATH_SEARCH_PATHS = (
					"$(inherited)",
					"@executable_path/Frameworks",
				);
				PRODUCT_BUNDLE_IDENTIFIER = com.gpcoders.ArtableAdmin;
				PRODUCT_NAME = "$(TARGET_NAME)";
				SWIFT_VERSION = 5.0;
				TARGETED_DEVICE_FAMILY = "1,2";
			};
			name = Debug;
		};
		06403CDD22AD8F230024EDA4 /* Release */ = {
			isa = XCBuildConfiguration;
			buildSettings = {
				ASSETCATALOG_COMPILER_APPICON_NAME = AppIcon;
				CODE_SIGN_STYLE = Automatic;
				DEVELOPMENT_TEAM = 4XFFP8A6J5;
				INFOPLIST_FILE = ArtableAdmin/Info.plist;
				LD_RUNPATH_SEARCH_PATHS = (
					"$(inherited)",
					"@executable_path/Frameworks",
				);
				PRODUCT_BUNDLE_IDENTIFIER = com.gpcoders.ArtableAdmin;
				PRODUCT_NAME = "$(TARGET_NAME)";
				SWIFT_VERSION = 5.0;
				TARGETED_DEVICE_FAMILY = "1,2";
			};
			name = Release;
		};
/* End XCBuildConfiguration section */

/* Begin XCConfigurationList section */
		06403CAE22AD8EAF0024EDA4 /* Build configuration list for PBXProject "Artable" */ = {
			isa = XCConfigurationList;
			buildConfigurations = (
				06403CC322AD8EB10024EDA4 /* Debug */,
				06403CC422AD8EB10024EDA4 /* Release */,
			);
			defaultConfigurationIsVisible = 0;
			defaultConfigurationName = Release;
		};
		06403CC522AD8EB10024EDA4 /* Build configuration list for PBXNativeTarget "Artable" */ = {
			isa = XCConfigurationList;
			buildConfigurations = (
				06403CC622AD8EB10024EDA4 /* Debug */,
				06403CC722AD8EB10024EDA4 /* Release */,
			);
			defaultConfigurationIsVisible = 0;
			defaultConfigurationName = Release;
		};
		06403CDB22AD8F230024EDA4 /* Build configuration list for PBXNativeTarget "ArtableAdmin" */ = {
			isa = XCConfigurationList;
			buildConfigurations = (
				06403CDC22AD8F230024EDA4 /* Debug */,
				06403CDD22AD8F230024EDA4 /* Release */,
			);
			defaultConfigurationIsVisible = 0;
			defaultConfigurationName = Release;
		};
/* End XCConfigurationList section */
	};
	rootObject = 06403CAB22AD8EAF0024EDA4 /* Project object */;
}
